
Microsoft Visual Studio Solution File, Format Version 12.00
# Visual Studio Version 16
VisualStudioVersion = 16.0.29215.179
MinimumVisualStudioVersion = 10.0.40219.1
Project("{FAE04EC0-301F-11D3-BF4B-00C04F79EFBC}") = "ContactManagementWebApplication", "ContactManagementWebApplication\ContactManagementWebApplication.csproj", "{29998879-2F47-49B2-A35B-ADEA8942AF90}"
EndProject
Global
	GlobalSection(SolutionConfigurationPlatforms) = preSolution
		Debug|Any CPU = Debug|Any CPU
		Release|Any CPU = Release|Any CPU
	EndGlobalSection
	GlobalSection(ProjectConfigurationPlatforms) = postSolution
		{29998879-2F47-49B2-A35B-ADEA8942AF90}.Debug|Any CPU.ActiveCfg = Debug|Any CPU
		{29998879-2F47-49B2-A35B-ADEA8942AF90}.Debug|Any CPU.Build.0 = Debug|Any CPU
		{29998879-2F47-49B2-A35B-ADEA8942AF90}.Release|Any CPU.ActiveCfg = Release|Any CPU
		{29998879-2F47-49B2-A35B-ADEA8942AF90}.Release|Any CPU.Build.0 = Release|Any CPU
	EndGlobalSection
	GlobalSection(SolutionProperties) = preSolution
		HideSolutionNode = FALSE
	EndGlobalSection
	GlobalSection(ExtensibilityGlobals) = postSolution
		SolutionGuid = {4E8005D5-D06D-4968-80CE-89B2638B8801}
	EndGlobalSection
EndGlobal
